{"posts/2025-06-20-taimihud/index.md" "a241e590019c952059200beb2ba08111e6bc84d2db768d8b3c3bc38d7629d5c1", "posts/2025-06-20-taimihud/taimihud-pathing.png" "13b2d99cde6421fcbf8ad33d4e965a15407b88f3655405b017454302c5b4739d", "posts/2026-01-15-zola-is-dead-to-me/index.md" "377281028ed288894c378bb8f57c09351f01ba812945285540c6f596afc30b04", "posts/2024-04-07-the-first-month-of-life-with-the-framework-13/framework-laptop.jpg" "de7d73528b2586af0dfa008f17c288d493711d3ec3e5c6574db6b63e03256592", "posts/2025-06-20-keyboards/handwire-keyboard-mcu.jpg" "036b37a479a919cadb7d1f34b9cf903856c46ce4d5dca792298f087b074d03b6", "resources/scss/colouring.scss" "4db63a968a1aedcd023fb86a2f0a5460d83164a1b89bca24f0798f13a1b89085", "posts/2025-06-20-keyboards/sofle-rgb-finished.jpg" "e6add30ffa181ff6cbf802dfec2befcc7732d08b535e37ca1549682524bf6892", "posts/2025-06-20-keyboards/handwire-keyboard-matrix.jpg" "9eee4b8615db22d7a246780c381c856a70ebe96dab7b186df8cc5eb43310dc3b", "resources/scss/container.scss" "b04d28b62c84bcc81bfaa20af226d96a111058adacae8c4372a8b4bc4de59da6", "posts/2025-06-20-taimihud/taimihud-cats.png" "7269ab59826498b2452ff3944b3f461423b08fdd62568a51d96186ef4b89ce55", "posts/2021-06-28-new-sway-setup/gaps.png" "76c1b1aab0e004036bf026a253f0403e3079c71fdcf41177764cc47c2b14bde6", "posts/2021-06-20-trying-to-blog.md" "5bff2547f8c13e07af009af22c86bbfe0621d50bcca8cfd2105a6a676bac5d5b", "posts/2021-06-28-new-rice/gaps.png" "76c1b1aab0e004036bf026a253f0403e3079c71fdcf41177764cc47c2b14bde6", "posts/2026-01-15-zola-is-dead-to-me/ssg_graph.png" "c84a8d9f8296f3b069bb323a46b5c394a35181e067f44bb4f80dcdaba8015a28", "posts/2025-06-20-keyboards/index.md" "351161d710d8e21a3e5ccac8b64446b11881d2d9c235353be391bcc53e98dbdb", "posts/2021-06-28-new-sway-setup/index.md" "4bec3e9a728095e67857be311993e2ebbec27d1f1f45981265d6c3dd65f0dac8", "posts/2025-06-20-keyboards/handwire-keyboard.jpg" "d153e75d549117943f1ad3d3acceaf340fdbfda0b6d85f9f949e858994a43a33", "posts/2026-01-15-zola-is-dead-to-me.md" "fdd72a2acbd9c7375a647a0851e9606086f6e19904e7e8a3ee6cdb67e35a2d7f", "posts/2024-04-07-the-first-month-of-life-with-the-framework-13/framework-lutris.png" "a71ff15e4462f9c2e41463f95d7c9750565f3f817e4f564c9a2dfd874ce6c05b", "posts/2024-09-14-2-months-into-my-first-3d-printer/printer.jpg" "780ba3a89c897ec367ffb4679138c1b71a590872f576af894496fedf66fe4fce", "posts/2021-06-28-new-rice/ungaps.png" "6574b776293df080742924e477c7d02e21561b2df054c32722d8bec58759c9f3", "posts/2024-09-14-2-months-into-my-first-3d-printer/index.md" "ba58148920cec93ab5b62060d24b33bf5c1db9f5c7a1bb6cd3c6cfbce7d3c5df", "resources/scss/main.scss" "bcc71d0a796212a1501d2658da38b471eb91ce3a1f1b400d6014780b0b74fd17", "resources/scss/margin.scss" "22744e377bf3a864fdd22fc20af4efaa3ab79cf1e6647cf051dafaefed789d29", "posts/2025-06-20-taimihud/taimihud-billboard.png" "6db8aec681b4af5d6b5a26d768a8ad443b530d428e52fcda2b93de6b00c0f395", "posts/2025-06-20-taimihud/taimihud.png" "56dcc68844cd2ae145b711a36f21ba9822cf44e85e3ad731e10671e23352eccd", "posts/2021-06-28-new-sway-setup/ungaps.png" "6574b776293df080742924e477c7d02e21561b2df054c32722d8bec58759c9f3", "posts/2025-06-20-taimihud/taimihud-timers-ui.png" "86218c37df2c18f92df76fae12285d0e6536c2d2df41af94dda09fe456d6712b", "posts/2024-04-07-the-first-month-of-life-with-the-framework-13/framework-steam.png" "c7c5fa2f9b901d2eb3c502fef9b6f05e309392bd323a9f243c713b0997735217", "resources/img/logo.svg" "c01f05b281e944e62bafc5f0d2a054b0c87fbd6e74532fd275f871728ebb992a", "posts/2025-06-20-taimihud/taimihud-timers.png" "e4a4e2b20db06977a18227d4e024b897701897caff68b058f49e4ed42cb12ac6", "resources/scss/typography.scss" "6c1e4754aff50dcfebf8eb225dfd327928e5d393e7e85bb8c254db9c784c81fd", "resources/scss/code.scss" "055e42344750d278424233ba8e21ffbd836770162496b40c9ba9c59879505355", "posts/2025-07-08-moved-to-zola.md" "de122817607623877429e6829e0c907797f1341f4f4ef5348558b6547da5cc0c", "resources/scss/utility.scss" "6aaf89ad8ff5584cf5a7db7a7a7e80494a9b64b4f1c285414b215186c34068c7", "posts/2024-04-07-hello-world.md" "8d7f71bf3a1b10c204008f3452636b138005ac7e5a051b7bca8fa7a96791413b", "posts/2024-04-07-the-first-month-of-life-with-the-framework-13/index.md" "d411461e2f491a7519533383d335cb2424ede8c4b97b534f4243cd7cd8a118c8", "resources/scss/reset.scss" "2d70cd56164c3c291148f5114dd0b07f63e62c3422ab0a4b8e8cbc20da1a980f", "resources/scss/padding.scss" "33537707bb3f4627d15cef87167e15a091a80a77a3f51120ba91804713f7af59", "posts/2021-06-28-new-sway-setup/clean.png" "90d5f7b36db839f2501a01d607a1bc5d5d8b6928147670f14d9a71ee3d57c526", "posts/2025-06-20-taimihud/taimihud-markers-ui.png" "7d1572696d24f356c291fe1094f3d57d83b499a201d6ec13cb03cb4d730d65d3", "posts/2021-06-28-new-rice/singleterm.png" "760c4ea6861dbd70c7243d621e335fb42c1c93f03c94b4ebe711ad16bce077a6", "posts/2021-06-28-new-rice/index.md" "ccd6468b53e8b26a102ccffc56072e51fdb68a3c3012878799196c2d3093c633", "posts/2021-06-28-new-rice/clean.png" "90d5f7b36db839f2501a01d607a1bc5d5d8b6928147670f14d9a71ee3d57c526", "posts/2024-04-07-the-first-month-of-life-with-the-framework-13/framework-desktop.png" "829ebac81adfe4fce09ab87e5654490b06f93a65ebf77296d59d66221226b2e1", "resources/scss/sticky-footer.scss" "52f6dbd2e3a3e30a390ca34b70a8ca6f8634b56adc853f9e8f3a7d929eb57d7e", "posts/2021-08-16-fusionpbx.md" "ca345d4e2e4eb7a9b560420e72ab2e85694baa59a44687efbca78c8de08f3903", "posts/2021-06-28-new-sway-setup/singleterm.png" "760c4ea6861dbd70c7243d621e335fb42c1c93f03c94b4ebe711ad16bce077a6"}
