{"resources/img/88x31/searxng.png" "56c636bba39c78dbba27df9a5cd0df15be14baa7cc97c9f01ce35a257286c1a6", "posts/2026-02-12-protection-of-the-uncommons.md" "88752adecfce0b6387e3df4f9c8e8e6cf8600bf92a153cc2790353e14171bd0d", "arborium/dist/themes/melange-light.css" "3901e6ca070d26a2839983f1758610438c0f6ba45360bf80796818c3155b56de", "arborium/dist/themes/ef-melissa-dark.css" "49f73fb55def80eaca1b9f76ec837a4aa2b75ee86c63d522cefce500d4b49495", "resources/img/88x31/cuteanimegirls.gif" "2760a5de1078b5e95fd870c1d17068e096c3f6bd5c7ad59172fbabc89d30a1ae", "resources/img/88x31/acidnow.jpg" "247a07da714b9e8b34795a10b39930dc2f999b65a5a2362948015c6f14bc5da0", "resources/img/88x31/fftake.gif" "a0742d41ceb33d934fdc6c62bafad26c78609bee6984a684a820b77ee54f377d", "resources/img/88x31/acab.gif" "3dd1231129821de866854a3ccbfc9aa0982ffab67e28fda3fef9d146a4947bde", "posts/2025-06-20-taimihud/index.md" "b395bf67829fe91aa0c4bef60c5cfdeff0ac6579cb5063bfe07b964460e9c347", "arborium/dist/themes/desert256.css" "1344edbcf75eb7cca737279e0faaed1767fe6d92f6308773d03e8be9b93a2dba", "posts/2025-06-20-taimihud/taimihud-pathing.png" "13b2d99cde6421fcbf8ad33d4e965a15407b88f3655405b017454302c5b4739d", "posts/2026-01-15-zola-is-dead-to-me/index.md" "7f013f0148c98bfe67e525279117195864071899d6cbf0ad6c5a55c2e7cf234a", "posts/2024-04-07-the-first-month-of-life-with-the-framework-13/framework-laptop.jpg" "de7d73528b2586af0dfa008f17c288d493711d3ec3e5c6574db6b63e03256592", "resources/img/88x31/polyamory.png" "2b73f24c9fe06c8769d180924df2c6e74b3a981cbb06d0b6079d6cc297b985c8", "posts/2025-06-20-keyboards/handwire-keyboard-mcu.jpg" "036b37a479a919cadb7d1f34b9cf903856c46ce4d5dca792298f087b074d03b6", "resources/img/88x31/piracy.png" "413d695944638b61e0246b063375a112cd72202fe39bd4f9ed47f8453d4277ef", "resources/scss/88x31.scss" "7523967be8ed8561126a1c4dfa9d3aaa99751168335c7581090a0675c93e2fa8", "arborium/dist/themes/github-light.css" "7f9ba251863ded7523636c723c205706d91de9a15e10a6dffc27618bec24064a", "resources/js/nonoscript.js" "5ebdcca607488e46c14c27ccfd6186bac4800f452bb088752af4840700fcf70d", "posts/2026-02-20-ported-coreboot/libreboot-grub.jpg" "f41e78b87265ada0aadf5380b08b495425373e9068a6181a024e509fc66c2060", "resources/img/88x31/nonhuman.png" "6df126402bffdfa8f4cdb1a9e9a470b73704ebe7e8f4c3e97ce8048926da58cb", "resources/scss/colouring.scss" "c25023f1674d24d740cd850c919aa2e4e5ec19d0347fad09be1c498f723080a7", "posts/2025-06-20-keyboards/sofle-rgb-finished.jpg" "e6add30ffa181ff6cbf802dfec2befcc7732d08b535e37ca1549682524bf6892", "posts/2025-06-20-keyboards/handwire-keyboard-matrix.jpg" "9eee4b8615db22d7a246780c381c856a70ebe96dab7b186df8cc5eb43310dc3b", "resources/img/88x31/button-grid.gif" "f56561f0cb7fa731793e7fadcb31e22f6d14b2366d2f07f65eb7d51bcc4ac80a", "resources/img/88x31/antinazi.gif" "37b4fc9aea4e75321dff6d1698250c83183687409bf4d0a881f253329a7cbd79", "resources/img/88x31/pluralproud.png" "82dc9c314d84e34a2aa8e2970361bd4fbf21b93da21d2d83daa447e6833d151b", "resources/img/88x31/medjed.jpg" "b67ccd44bb18fb85bc74d84327aa0de97ce4ff2d014e611a4f57f937a3893f15", "resources/scss/container.scss" "64175b4c7471458c73841ae5bd0bc1fad9b6becf7a4eca9cdc85ebb055f8e088", "resources/img/88x31/rainysource.png" "bc21cca9192b6b20be7b265516ee8258fe98d0b9d6d6a79e1c29a52993636074", "resources/img/88x31/neovim.gif" "4abca9782125bf2a28447be6c648e2dc82a6074673f5ecb174691d0f57da56a5", "posts/2025-06-20-taimihud/taimihud-cats.png" "7269ab59826498b2452ff3944b3f461423b08fdd62568a51d96186ef4b89ce55", "posts/2021-06-28-new-sway-setup/gaps.png" "76c1b1aab0e004036bf026a253f0403e3079c71fdcf41177764cc47c2b14bde6", "resources/img/88x31/federate-now.jpg" "16306307225152d12b7a8b222d34e9b4e32936ba0502f14ddb23b76a5d1a37a5", "arborium/dist/themes/cobalt2.css" "795cc8262e7b563565b34960f5b27f6560f9f195e289182712020489f7629a5a", "resources/img/88x31/DIY.png" "5da59c853067496d0f30b6716d37a61e37b876159e795c38b9ee729482100a31", "posts/2021-06-20-trying-to-blog.md" "0a5d17d30b6f0d9e81140ffaa7c3b057b3ec409b69891f84c0c1c15e3771cabf", "posts/2026-02-20-ported-coreboot/schematic-unzoomed.png" "9451535c0f99f3b161edb84cd8fa8224081bcba2f08b64416a5f8c08bb213890", "posts/2021-06-28-new-rice/gaps.png" "76c1b1aab0e004036bf026a253f0403e3079c71fdcf41177764cc47c2b14bde6", "resources/img/88x31/roly-saynotoweb3.gif" "632ff095b847386722a435ee907a7f62c0a03277e5c27ffe25601462f079664c", "posts/2026-01-15-zola-is-dead-to-me/ssg_graph.png" "c84a8d9f8296f3b069bb323a46b5c394a35181e067f44bb4f80dcdaba8015a28", "posts/2026-02-20-ported-coreboot/strings.png" "18487777cca79aea9f51d40a192608a511e6bbda5241ac3df5db70bf6d7132d1", "resources/img/88x31/anarchynow.gif" "7299d079b91003f43d48e3646b66d47cb6e56e26dffc6295542e64df40b2691c", "arborium/dist/themes/catppuccin-mocha.css" "575272dff63e8cd79371c580e8a4195e1eee8b425c7ca3ac4570e9354d6df6f1", "resources/img/88x31/blahaj.png" "1fa4a637a0d0980dbb07b02f650f670706dd6be06738eca1170f13d507278d01", "posts/2025-06-20-keyboards/index.md" "f917e9a693d0daa5690f9b03093a08faeb20ad6cbf12e782aab8f4b6c0683d2d", "posts/2026-02-20-ported-coreboot/gpio.png" "452b40440ea628639ddaf565feae3c3595d612967089e0f7454d86d11c2a3a98", "resources/img/88x31/drpepper.gif" "5cb67b2432ddaf74cc2f589882f14cbbb3a26250e34492b5724496a951ea681c", "posts/2021-06-28-new-sway-setup/index.md" "5d9fce37a0c7bed4a528810f213e23d1f97c9a542654806c3f6ac024c8d0282b", "resources/img/88x31/boykisser.png" "8ec2bd0c34dccbc20eeeae9a373c27bdb263bc1eaffed88f2e5acf91692e64b4", "arborium/dist/themes/rose-pine-moon.css" "fb70f249471db1cd07dc6a2934ebc82e2c93757d42aa050afd1573712fa10b85", "resources/img/88x31/ourpaws.png" "2c470c0a0751dfe708cd3cf2d8224abac6d2ac5ed25af6d4eedddd757dac987c", "resources/img/88x31/nixos.png" "4773993a0b410e7705343a182a4cd0ac4844f3ec62fda4fdefef678000ee5da0", "resources/img/88x31/antidiscord.gif" "4090b76042d1831a67b406686e23a552c5e3c83ab13bb9a982a98208a37ae741", "posts/2026-02-20-ported-coreboot/schematic-zoomed.png" "1a10c6b37e0749e74c23bc1b2f247d3e20f82f3de02f148fded8d27bc49cdce0", "arborium/dist/themes/monokai.css" "bc33cab51bc95fc6a9206d32647a2831e4bc2ffbb46277fb12878d9704166c72", "resources/img/88x31/lesbian.png" "5877aab4e370238db5a753dd07a284fc3099841a1c08e6518fab11c63c64be9f", "posts/2025-06-20-keyboards/handwire-keyboard.jpg" "d153e75d549117943f1ad3d3acceaf340fdbfda0b6d85f9f949e858994a43a33", "posts/2026-02-18-arborium-removed.md" "15e5c9e6ddd79c8146932b7e1a3e30ca4656dc2f23885b8d1afb7cba25bbc46b", "resources/img/88x31/button-ublock.gif" "627958f300448e80053e5cf5790c2503a1f90756cfee263d509588940805af4b", "posts/2026-01-15-zola-is-dead-to-me.md" "fdd72a2acbd9c7375a647a0851e9606086f6e19904e7e8a3ee6cdb67e35a2d7f", "posts/2024-04-07-the-first-month-of-life-with-the-framework-13/framework-lutris.png" "a71ff15e4462f9c2e41463f95d7c9750565f3f817e4f564c9a2dfd874ce6c05b", "resources/img/88x31/vcss.png" "0b2ac9b67e454f9b561d632629e27f87b60144b2020faefd020aca99a3b5aabb", "posts/2026-02-20-ported-coreboot/libreboot-seabios.jpg" "72013dae0587d0f0fd98d54a96d0c2110df2d52afeb904887b3024da45c1bca8", "arborium/dist/themes/rustdoc-light.css" "7eaf025bd98598ae7b4330154e06ea460cb80cc345f5ac5208e6729c1a7c4607", "arborium/dist/themes/catppuccin-frappe.css" "2a095088df7d7eee1404e5341ef22cf569713417a052d70482db0b7b43b9daf2", "arborium/dist/themes/solarized-dark.css" "a3aba90215936eee99f4553dfab8f4dc12abfef68c26d66eaade7525926895f0", "resources/img/88x31/queer.png" "ea29edceb0bd0965ef08b42a75655ebfec7d95a4e8708b50f639cbedae55c2e6", "posts/2024-09-14-2-months-into-my-first-3d-printer/printer.jpg" "780ba3a89c897ec367ffb4679138c1b71a590872f576af894496fedf66fe4fce", "arborium/dist/themes/zenburn.css" "ff5241048fa72a49b8d9eb4429f55f7ea2717b8d562e8560ac60344426d0bd32", "arborium/dist/themes/rustdoc-dark.css" "f68e2f76c95a8d8ab6d4f89f42c97a2ac5901031907bb1d8bd316a95daf7e90e", "resources/img/88x31/valid-atom.png" "10101364be944ce8329a6d449300a79eae2a3d5f24c2dbba018157d3bb06b7f5", "resources/img/88x31/fucknfts.png" "23a5891a5e426019c84ec2a2754074ca6a5ede00bb67c8f021aeaef83fc6640b", "arborium/dist/themes/ayu-dark.css" "4639a173f44553381e07b95b961debecc0a2dfe33a477a1f2c5e99bb0b3a25cb", "resources/img/88x31/keysmash.gif" "3a7800c23739cd71ef0b392d223fa9aee24b21cb4a2fcac3b0138e05761d8468", "posts/2026-02-20-ported-coreboot/fde.jpg" "1706ff5a91f8a6ea331746502a60e7a6393afdcd263a4ffb943510ed65242f65", "posts/2021-06-28-new-rice/ungaps.png" "6574b776293df080742924e477c7d02e21561b2df054c32722d8bec58759c9f3", "resources/img/88x31/ao3.gif" "611d64276607b6a61b737b2bec7ccce2e42c961d2a2f571d7361fa5c3ed0c381", "posts/2024-09-14-2-months-into-my-first-3d-printer/index.md" "a4b12da29066e39a56d74da8be5193f270a329ec5c8c9bb7b589459147688a81", "arborium/dist/themes/kanagawa-dragon.css" "0f289ade805f43b33f9ad8c644b692f89d2243a8a3fdb9ec5539d827a90a9bb3", "resources/img/88x31/trn.png" "cc053655c4166b997860deaafa314e8384f01289c08748881877f76c61959671", "resources/img/88x31/tor.gif" "1d61c90b63cb5c812237e7a7ecf38cdf2dd43846ffc8acfc7c0041f4084294c2", "arborium/dist/themes/catppuccin-macchiato.css" "9ddfbce702a2bfd32553a693e6fb50695736dbe6d9c8e468dfa9871208b3a715", "resources/scss/main.scss" "da5b9f820123861336843c5c90d77afc1c55ae8e5d2deb1d30074accd8746cba", "resources/img/88x31/canada.gif" "56281001a2140aafdcc1c52ed0259bc5969769d8fe7234816813055c675a68c7", "posts/2026-01-28-on-the-dying-art-of-statecraft.md" "2bbc4bacb22757a0cbd2d73c2c5c84b7ef5bc173f3fde2cd9ce2e81ba1dea184", "resources/scss/margin.scss" "22744e377bf3a864fdd22fc20af4efaa3ab79cf1e6647cf051dafaefed789d29", "posts/2025-06-20-taimihud/taimihud-billboard.png" "6db8aec681b4af5d6b5a26d768a8ad443b530d428e52fcda2b93de6b00c0f395", "arborium/dist/themes/rustdoc-ayu.css" "fda3fab5b0f74eeaa16042e8d7ffbd94876a37ce7e092cc705d38c611fb5032e", "posts/2025-06-20-taimihud/taimihud.png" "56dcc68844cd2ae145b711a36f21ba9822cf44e85e3ad731e10671e23352eccd", "resources/img/88x31/ISO.png" "28e0214929dfc353e8de77f957c401c9ac7a932a8e6a73324bac8f14420ef1e4", "posts/2021-06-28-new-sway-setup/ungaps.png" "6574b776293df080742924e477c7d02e21561b2df054c32722d8bec58759c9f3", "arborium/dist/themes/base-rustdoc.css" "482727c18644e2824bcc6689b5db0fb77d8bec7295ee4c21dd1353b0b9af26da", "resources/img/88x31/qalle.png" "1807f22f4436c3a768478340fd5d75993890fbdbf0be671eeb9d224c859cbce4", "posts/2026-02-20-ported-coreboot/index.md" "39d1b7a926176e9917a0e70aa5ccb24ccfcf01f9d1fc57242015f79ebe92aba2", "posts/2026-02-20-ported-coreboot/capacitor-where.jpg" "8bb00bfd74880889700c96861b64cdcec8ffc4f648b7063516c89744122f5072", "posts/2025-06-20-taimihud/taimihud-timers-ui.png" "86218c37df2c18f92df76fae12285d0e6536c2d2df41af94dda09fe456d6712b", "posts/2026-02-20-ported-coreboot/guix.png" "d9c925aea3ae57f15ff39e93bbd33de584b18b96999f1de94254456891c115e8", "arborium/dist/themes/tokyo-night.css" "e371d67cf4c066a51da533b5f0e2ec732bfc1a65398691b33eea626f7f7a3bcf", "posts/2024-04-07-the-first-month-of-life-with-the-framework-13/framework-steam.png" "c7c5fa2f9b901d2eb3c502fef9b6f05e309392bd323a9f243c713b0997735217", "resources/img/88x31/pokemon.jpg" "00dce7f799e88082fde10ea4ecd9699425316b3618bd65e0a935ce83b8c616d2", "resources/img/88x31/badapple.webp" "dc59a79c074273c1cb1e3efeeaa2851363a20045055e4a3a42336c1f30e4c123", "arborium/dist/themes/gruvbox-light.css" "7195f5fdeb5dcf79cac20351af2d364676dd3ae562d5854ad50ab586bcc1007b", "resources/img/logo.svg" "c01f05b281e944e62bafc5f0d2a054b0c87fbd6e74532fd275f871728ebb992a", "posts/2025-06-20-taimihud/taimihud-timers.png" "e4a4e2b20db06977a18227d4e024b897701897caff68b058f49e4ed42cb12ac6", "resources/scss/typography.scss" "6c1e4754aff50dcfebf8eb225dfd327928e5d393e7e85bb8c254db9c784c81fd", "posts/2026-02-20-ported-coreboot/flasher-setup.png" "1be5dd4ef87afdf84de297154739ad57d21867bca00601c67f8431e48d7acb0c", "resources/img/88x31/ccs.gif" "be49fc9d0ca622873ced556f8ae6175fed704cf5c05ae692fca0e32485d549b9", "arborium/dist/themes/light-owl.css" "76e46fa0a91f56b6c6f76b4a2014d6db9d6b92789e1272b008de2ad2498dbc21", "resources/scss/code.scss" "453cd91be428360e66308f046b7e43fb257678d740b2f5d28b5bb08a9efd8243", "arborium/dist/themes/github-dark.css" "930f1d33b39663eb6b3d2aa67e235930e046fa2fa915a8b6dfded37640f4db09", "posts/2026-02-20-ported-coreboot/prompt.jpg" "d6abd99731950186cc6dd72c02c7ab2719a0c420f75bee6284ffd4516f7d1e39", "arborium/dist/themes/dracula.css" "b31f61972061c2e50cc3951ddc81a546ef62df28e2d8f532c1d29a3832fea533", "resources/img/88x31/grapheneos.gif" "f647b32b889ad0839686bd7b5fe978e4e6156a87ab8fde237ff931133d74dace", "posts/2025-07-08-moved-to-zola.md" "7b1596dfd17b36306d5fdc9e413388d4a27ee7d9a1eb78f0df4adc0e0216f785", "posts/2026-02-20-ported-coreboot/skylake_ult.png" "0ebbbed24d98be9cdb5eef26e973979834e731f8ab8962e869aeb1c7724edf46", "resources/img/88x31/ircworks.gif" "c26b1f7b1713a2705f3a8bfe936289bd4d1a62a814c7cfe7216e4ee193416d53", "resources/scss/utility.scss" "6aaf89ad8ff5584cf5a7db7a7a7e80494a9b64b4f1c285414b215186c34068c7", "arborium/dist/themes/solarized-light.css" "a717fe31c3419fbf5fdabf850c11687f572493f9c85c2ccab596b06f67d852ba", "posts/2024-04-07-hello-world.md" "548ac5382a5c053ceebdf28bc17a2e6aade82765e3838e6979976114a36468a6", "posts/2026-02-20-ported-coreboot/extraction.png" "a5ac855f29cd0c4a7c73fe40bb5a6f106855f40d55d0c29cfb448dbc117a16a4", "resources/img/88x31/encryptyourshit.gif" "b4c3a176d544246a4d6f8e452fa7fa59d781a79cbbd5bdcdd0fa42e8eafc28ed", "resources/img/88x31/button-2hu.gif" "a46eeda9d1d067ec9e3257e894264d62af38415373060f7824a718745e10842e", "posts/2024-04-07-the-first-month-of-life-with-the-framework-13/index.md" "16a8287d999637d025751269ac85423803b51d0b02ef14c5326075e85ac95169", "arborium/dist/themes/nord.css" "0a1f063e8b3a0638ff8fc6075cce9997124afb58a9e6ac5b9c4e3f85057b5acc", "resources/img/88x31/button-html.gif" "77b764d7a90d92516407d698125ee339d0b10754f3384bc774d786ce1deb5428", "resources/img/88x31/openeyes.jpg" "621f6f4c886d005cc52046998b8575020e836e7ae4f75baf74709fe0460fd769", "arborium/dist/themes/melange-dark.css" "bb48a508261c37681bb76866d442adc8bf5395627cbce3258bfd5942cf2b871c", "resources/scss/reset.scss" "f34acdba8f512f56b3ddaf41b7eb319e626164988bb5d10e079d423023421841", "resources/img/88x31/hl.gif" "cb4b66b2df5c8fde68bae393054b2b45ba6ea70e415ae156d68430645e12bef1", "resources/scss/padding.scss" "33537707bb3f4627d15cef87167e15a091a80a77a3f51120ba91804713f7af59", "resources/img/88x31/librewolf-now.gif" "a3fb47ea3c146b41a75652702bccd5bfeac744df09127fee12fa4d65c9d3f3ba", "resources/img/88x31/moosyuBtn.gif" "18961466acee25e362d2e15fa6fd57ccad1f6b48202c87304d35a4e9b1f927fc", "arborium/dist/themes/ayu-light.css" "8cc2f8003596cc355c0741c6f35925c639bc436df81578bee21694f58e05eafb", "posts/2021-06-28-new-sway-setup/clean.png" "90d5f7b36db839f2501a01d607a1bc5d5d8b6928147670f14d9a71ee3d57c526", "resources/img/88x31/abc.gif" "3cc2dff4646714f596105a6b538c5ba7e41574ae1fd66302fcc8b049e1b7e35a", "posts/2025-06-20-taimihud/taimihud-markers-ui.png" "7d1572696d24f356c291fe1094f3d57d83b499a201d6ec13cb03cb4d730d65d3", "resources/scss/nonoscript.scss" "cbd84c338d09664d4d1cda14f2bfed8724cb5ec1b89a4f842636e70723660b36", "resources/img/88x31/InternetPrivacy.gif" "842b77cce57e83a1c2d0b2629c2580c5d7e12649e52c1d9d5bc54fc8be655b02", "posts/2021-06-28-new-rice/singleterm.png" "760c4ea6861dbd70c7243d621e335fb42c1c93f03c94b4ebe711ad16bce077a6", "resources/img/88x31/trans.png" "7216cde904994d0bceddfe2df00d8cd67ee3224711337b6f2fcefdea2030ca0f", "resources/img/88x31/briish.gif" "52d229018963376053d1c8111aa050be8f2137d86a9e7284ff9a998dd8a09cf8", "resources/img/88x31/capstasher.png" "0f5c90707b647d2ffdf0a1ba8dd5896adb5687d6c2ab22606cc09bd49e665d8f", "arborium/dist/themes/gruvbox-dark.css" "d192d2b6abd8ea766c5379ca7cd459024361ab7d769f6abbc7f5b375bb862efa", "posts/2026-02-20-ported-coreboot/built.png" "8b5f6f5ac077c1b910370c3df24a19db27d1ca682a3981424421741ac9b05937", "resources/img/88x31/lain.gif" "a2f8e44188bcf11979dce72029cc645dc8e02e7a747bf558ce88a85561c6bbc0", "resources/img/88x31/emulate.gif" "082faacfa3c62296640ca007d42168f5ce01a0c3794dbf34b348acf61c19fe93", "posts/2026-02-20-ported-coreboot/capacitor-there.jpg" "778ab64bac596e0b927abe60cb0fad1ac3ca357d8b556781477b8f1e2b0e42a0", "resources/img/88x31/anime.webp" "f319af417eabc2334613a01682bc79790e6c2a5c405b0e24475a8b0dfc12ec94", "resources/img/88x31/xenia.png" "d1f55b749ccc36793be3becb0d5275836cecc911a98b6ac24a8ae120da70e196", "resources/img/88x31/html5.png" "f269ca42cef4b024576955fc307a82c97777c1f8637fbbdff01f30dd1705667b", "resources/img/88x31/anarchy.gif" "7065a2d5ac052723b1b7a0436eb62a3b2d3cf5b61222355b2be103e6222161f2", "resources/js/colorscheme.js" "25209c30b1558491b11121802558a8234b6427c695fec79bc86105e1a19e08af", "posts/2021-06-28-new-rice/index.md" "ccd6468b53e8b26a102ccffc56072e51fdb68a3c3012878799196c2d3093c633", "arborium/dist/themes/one-dark.css" "a1bd3909bd161447ec86f9b341a644054634fb8bd893cd5f83a7a9d32155b102", "resources/img/88x31/linuxfriendly.gif" "bd5a7013187b5a351746baf331f509d89fd1f3bf32cebde93477d85a4d24790b", "arborium/dist/themes/alabaster.css" "c7a763e65023b40ec31acc2982d435fd696b9c2e7859509eb7eccd6b1cb48f5d", "posts/2021-06-28-new-rice/clean.png" "90d5f7b36db839f2501a01d607a1bc5d5d8b6928147670f14d9a71ee3d57c526", "resources/img/88x31/pgp-now.gif" "a48beba592ea3e77f74c8607e38d81c7804ce185618d3dfcf9589acafc24fa37", "posts/2024-04-07-the-first-month-of-life-with-the-framework-13/framework-desktop.png" "829ebac81adfe4fce09ab87e5654490b06f93a65ebf77296d59d66221226b2e1", "resources/scss/sticky-footer.scss" "52f6dbd2e3a3e30a390ca34b70a8ca6f8634b56adc853f9e8f3a7d929eb57d7e", "resources/img/88x31/anybrowser.png" "6d14e6d708abecd010e4f81647f1aa8e12ac169c2fe0ae5068c76fcde7b8b9ca", "arborium/dist/themes/base.css" "9264c87e20963c18fd50cba4857fb4ee065159874590ec43001d5b8c6a27aee3", "posts/2026-02-20-ported-coreboot/ifdtool.png" "279d1cb7f3e517aada3e008c0f9e1bd5da92e475ba0b8d408faf86f78d2ccaaa", "posts/2021-08-16-fusionpbx.md" "b2bf755696877308af55dc4b3b872b2915354fcb1fde37b66fcf3dfe4810d534", "arborium/dist/themes/dayfox.css" "3b66cd344f48828bc479682ff81b22fd929b053fec082b345c76c077c0a551c8", "posts/2021-06-28-new-sway-setup/singleterm.png" "760c4ea6861dbd70c7243d621e335fb42c1c93f03c94b4ebe711ad16bce077a6", "arborium/dist/themes/catppuccin-latte.css" "528af46b2447e8614593798ef36616824d8e396a98ba62e02bd37d637302f808", "resources/img/88x31/nginx.png" "f52836ab6c5ecadf5d1b5e67ff06d5af2c75077b1de8769596205aba9ce4f5b0", "resources/img/88x31/button-css.gif" "200f390aa47af2c79d5c3e2efdf8d1a7f450247212a80a4e831bff4878112706", "resources/img/88x31/nb.png" "6ab793ab9f276f4562da980870d7f17a7ba2c6bfebc67dd9654638a83e69b74f", "resources/img/88x31/autism.png" "6a2435bcb17b57417166a3b11d50e22e5f51133b72920a6b877869c4d4e88b00", "resources/img/vrchat.png" "3cfc11b69fc0c86d140c9d327749e784caa0e2dff55cd099dfb2aa9b66260aa3", "arborium/dist/themes/lucius-light.css" "91c60b7b43f079f8c5470a43270258a4eda8da756da3afee848d1c94b91551c4", "resources/img/88x31/minecraft.gif" "eb1a28d12322da5de0fb458a58e9f183d729406f769f7ad583b25c0133a26a5c"}
